
Microsoft Visual Studio Solution File, Format Version 12.00
# Visual Studio Version 16
VisualStudioVersion = 16.0.31112.23
MinimumVisualStudioVersion = 10.0.40219.1
Project("{FAE04EC0-301F-11D3-BF4B-00C04F79EFBC}") = "marriage_agency", "marriage_agency\marriage_agency.csproj", "{31F05A18-85B5-4000-92A3-4C8D9BFB935D}"
EndProject
Global
	GlobalSection(SolutionConfigurationPlatforms) = preSolution
		Debug|Any CPU = Debug|Any CPU
		Release|Any CPU = Release|Any CPU
	EndGlobalSection
	GlobalSection(ProjectConfigurationPlatforms) = postSolution
		{31F05A18-85B5-4000-92A3-4C8D9BFB935D}.Debug|Any CPU.ActiveCfg = Debug|Any CPU
		{31F05A18-85B5-4000-92A3-4C8D9BFB935D}.Debug|Any CPU.Build.0 = Debug|Any CPU
		{31F05A18-85B5-4000-92A3-4C8D9BFB935D}.Release|Any CPU.ActiveCfg = Release|Any CPU
		{31F05A18-85B5-4000-92A3-4C8D9BFB935D}.Release|Any CPU.Build.0 = Release|Any CPU
	EndGlobalSection
	GlobalSection(SolutionProperties) = preSolution
		HideSolutionNode = FALSE
	EndGlobalSection
	GlobalSection(ExtensibilityGlobals) = postSolution
		SolutionGuid = {94FBB6EC-35DB-47F7-A67B-ABB490BBAD6A}
	EndGlobalSection
EndGlobal
